// !$*UTF8*$!
{
	archiveVersion = 1;
	classes = {
	};
	objectVersion = 77;
	objects = {

/* Begin PBXContainerItemProxy section */
		01701FD52D2E2FD7003C83F6 /* PBXContainerItemProxy */ = {
			isa = PBXContainerItemProxy;
			containerPortal = 01701FBC2D2E2FD4003C83F6 /* Project object */;
			proxyType = 1;
			remoteGlobalIDString = 01701FC32D2E2FD4003C83F6;
			remoteInfo = RSS;
		};
		01701FDF2D2E2FD7003C83F6 /* PBXContainerItemProxy */ = {
			isa = PBXContainerItemProxy;
			containerPortal = 01701FBC2D2E2FD4003C83F6 /* Project object */;
			proxyType = 1;
			remoteGlobalIDString = 01701FC32D2E2FD4003C83F6;
			remoteInfo = RSS;
		};
/* End PBXContainerItemProxy section */

/* Begin PBXFileReference section */
		01701FC42D2E2FD4003C83F6 /* RSS.app */ = {isa = PBXFileReference; explicitFileType = wrapper.application; includeInIndex = 0; path = RSS.app; sourceTree = BUILT_PRODUCTS_DIR; };
		01701FD42D2E2FD7003C83F6 /* RSSTests.xctest */ = {isa = PBXFileReference; explicitFileType = wrapper.cfbundle; includeInIndex = 0; path = RSSTests.xctest; sourceTree = BUILT_PRODUCTS_DIR; };
		01701FDE2D2E2FD7003C83F6 /* RSSUITests.xctest */ = {isa = PBXFileReference; explicitFileType = wrapper.cfbundle; includeInIndex = 0; path = RSSUITests.xctest; sourceTree = BUILT_PRODUCTS_DIR; };
/* End PBXFileReference section */

/* Begin PBXFileSystemSynchronizedBuildFileExceptionSet section */
		017020032D2E5392003C83F6 /* Exceptions for "RSS" folder in "RSS" target */ = {
			isa = PBXFileSystemSynchronizedBuildFileExceptionSet;
			membershipExceptions = (
				Info.plist,
			);
			target = 01701FC32D2E2FD4003C83F6 /* RSS */;
		};
/* End PBXFileSystemSynchronizedBuildFileExceptionSet section */

/* Begin PBXFileSystemSynchronizedRootGroup section */
		01701FC62D2E2FD4003C83F6 /* RSS */ = {
			isa = PBXFileSystemSynchronizedRootGroup;
			exceptions = (
				017020032D2E5392003C83F6 /* Exceptions for "RSS" folder in "RSS" target */,
			);
			path = RSS;
			sourceTree = "<group>";
		};
		01701FD72D2E2FD7003C83F6 /* RSSTests */ = {
			isa = PBXFileSystemSynchronizedRootGroup;
			path = RSSTests;
			sourceTree = "<group>";
		};
		01701FE12D2E2FD7003C83F6 /* RSSUITests */ = {
			isa = PBXFileSystemSynchronizedRootGroup;
			path = RSSUITests;
			sourceTree = "<group>";
		};
/* End PBXFileSystemSynchronizedRootGroup section */

/* Begin PBXFrameworksBuildPhase section */
		01701FC12D2E2FD4003C83F6 /* Frameworks */ = {
			isa = PBXFrameworksBuildPhase;
			buildActionMask = 2147483647;
			files = (
			);
			runOnlyForDeploymentPostprocessing = 0;
		};
		01701FD12D2E2FD7003C83F6 /* Frameworks */ = {
			isa = PBXFrameworksBuildPhase;
			buildActionMask = 2147483647;
			files = (
			);
			runOnlyForDeploymentPostprocessing = 0;
		};
		01701FDB2D2E2FD7003C83F6 /* Frameworks */ = {
			isa = PBXFrameworksBuildPhase;
			buildActionMask = 2147483647;
			files = (
			);
			runOnlyForDeploymentPostprocessing = 0;
		};
/* End PBXFrameworksBuildPhase section */

/* Begin PBXGroup section */
		01701FBB2D2E2FD4003C83F6 = {
			isa = PBXGroup;
			children = (
				01701FC62D2E2FD4003C83F6 /* RSS */,
				01701FD72D2E2FD7003C83F6 /* RSSTests */,
				01701FE12D2E2FD7003C83F6 /* RSSUITests */,
				01701FC52D2E2FD4003C83F6 /* Products */,
			);
			sourceTree = "<group>";
		};
		01701FC52D2E2FD4003C83F6 /* Products */ = {
			isa = PBXGroup;
			children = (
				01701FC42D2E2FD4003C83F6 /* RSS.app */,
				01701FD42D2E2FD7003C83F6 /* RSSTests.xctest */,
				01701FDE2D2E2FD7003C83F6 /* RSSUITests.xctest */,
			);
			name = Products;
			sourceTree = "<group>";
		};
/* End PBXGroup section */

/* Begin PBXNativeTarget section */
		01701FC32D2E2FD4003C83F6 /* RSS */ = {
			isa = PBXNativeTarget;
			buildConfigurationList = 01701FE82D2E2FD7003C83F6 /* Build configuration list for PBXNativeTarget "RSS" */;
			buildPhases = (
				01701FC02D2E2FD4003C83F6 /* Sources */,
				01701FC12D2E2FD4003C83F6 /* Frameworks */,
				01701FC22D2E2FD4003C83F6 /* Resources */,
			);
			buildRules = (
			);
			dependencies = (
			);
			fileSystemSynchronizedGroups = (
				01701FC62D2E2FD4003C83F6 /* RSS */,
			);
			name = RSS;
			packageProductDependencies = (
			);
			productName = RSS;
			productReference = 01701FC42D2E2FD4003C83F6 /* RSS.app */;
			productType = "com.apple.product-type.application";
		};
		01701FD32D2E2FD7003C83F6 /* RSSTests */ = {
			isa = PBXNativeTarget;
			buildConfigurationList = 01701FEB2D2E2FD7003C83F6 /* Build configuration list for PBXNativeTarget "RSSTests" */;
			buildPhases = (
				01701FD02D2E2FD7003C83F6 /* Sources */,
				01701FD12D2E2FD7003C83F6 /* Frameworks */,
				01701FD22D2E2FD7003C83F6 /* Resources */,
			);
			buildRules = (
			);
			dependencies = (
				01701FD62D2E2FD7003C83F6 /* PBXTargetDependency */,
			);
			fileSystemSynchronizedGroups = (
				01701FD72D2E2FD7003C83F6 /* RSSTests */,
			);
			name = RSSTests;
			packageProductDependencies = (
			);
			productName = RSSTests;
			productReference = 01701FD42D2E2FD7003C83F6 /* RSSTests.xctest */;
			productType = "com.apple.product-type.bundle.unit-test";
		};
		01701FDD2D2E2FD7003C83F6 /* RSSUITests */ = {
			isa = PBXNativeTarget;
			buildConfigurationList = 01701FEE2D2E2FD7003C83F6 /* Build configuration list for PBXNativeTarget "RSSUITests" */;
			buildPhases = (
				01701FDA2D2E2FD7003C83F6 /* Sources */,
				01701FDB2D2E2FD7003C83F6 /* Frameworks */,
				01701FDC2D2E2FD7003C83F6 /* Resources */,
			);
			buildRules = (
			);
			dependencies = (
				01701FE02D2E2FD7003C83F6 /* PBXTargetDependency */,
			);
			fileSystemSynchronizedGroups = (
				01701FE12D2E2FD7003C83F6 /* RSSUITests */,
			);
			name = RSSUITests;
			packageProductDependencies = (
			);
			productName = RSSUITests;
			productReference = 01701FDE2D2E2FD7003C83F6 /* RSSUITests.xctest */;
			productType = "com.apple.product-type.bundle.ui-testing";
		};
/* End PBXNativeTarget section */

/* Begin PBXProject section */
		01701FBC2D2E2FD4003C83F6 /* Project object */ = {
			isa = PBXProject;
			attributes = {
				BuildIndependentTargetsInParallel = 1;
				LastSwiftUpdateCheck = 1610;
				LastUpgradeCheck = 1610;
				TargetAttributes = {
					01701FC32D2E2FD4003C83F6 = {
						CreatedOnToolsVersion = 16.1;
					};
					01701FD32D2E2FD7003C83F6 = {
						CreatedOnToolsVersion = 16.1;
						TestTargetID = 01701FC32D2E2FD4003C83F6;
					};
					01701FDD2D2E2FD7003C83F6 = {
						CreatedOnToolsVersion = 16.1;
						TestTargetID = 01701FC32D2E2FD4003C83F6;
					};
				};
			};
			buildConfigurationList = 01701FBF2D2E2FD4003C83F6 /* Build configuration list for PBXProject "RSS" */;
			developmentRegion = en;
			hasScannedForEncodings = 0;
			knownRegions = (
				en,
				Base,
			);
			mainGroup = 01701FBB2D2E2FD4003C83F6;
			minimizedProjectReferenceProxies = 1;
			preferredProjectObjectVersion = 77;
			productRefGroup = 01701FC52D2E2FD4003C83F6 /* Products */;
			projectDirPath = "";
			projectRoot = "";
			targets = (
				01701FC32D2E2FD4003C83F6 /* RSS */,
				01701FD32D2E2FD7003C83F6 /* RSSTests */,
				01701FDD2D2E2FD7003C83F6 /* RSSUITests */,
			);
		};
/* End PBXProject section */

/* Begin PBXResourcesBuildPhase section */
		01701FC22D2E2FD4003C83F6 /* Resources */ = {
			isa = PBXResourcesBuildPhase;
			buildActionMask = 2147483647;
			files = (
			);
			runOnlyForDeploymentPostprocessing = 0;
		};
		01701FD22D2E2FD7003C83F6 /* Resources */ = {
			isa = PBXResourcesBuildPhase;
			buildActionMask = 2147483647;
			files = (
			);
			runOnlyForDeploymentPostprocessing = 0;
		};
		01701FDC2D2E2FD7003C83F6 /* Resources */ = {
			isa = PBXResourcesBuildPhase;
			buildActionMask = 2147483647;
			files = (
			);
			runOnlyForDeploymentPostprocessing = 0;
		};
/* End PBXResourcesBuildPhase section */

/* Begin PBXSourcesBuildPhase section */
		01701FC02D2E2FD4003C83F6 /* Sources */ = {
			isa = PBXSourcesBuildPhase;
			buildActionMask = 2147483647;
			files = (
			);
			runOnlyForDeploymentPostprocessing = 0;
		};
		01701FD02D2E2FD7003C83F6 /* Sources */ = {
			isa = PBXSourcesBuildPhase;
			buildActionMask = 2147483647;
			files = (
			);
			runOnlyForDeploymentPostprocessing = 0;
		};
		01701FDA2D2E2FD7003C83F6 /* Sources */ = {
			isa = PBXSourcesBuildPhase;
			buildActionMask = 2147483647;
			files = (
			);
			runOnlyForDeploymentPostprocessing = 0;
		};
/* End PBXSourcesBuildPhase section */

/* Begin PBXTargetDependency section */
		01701FD62D2E2FD7003C83F6 /* PBXTargetDependency */ = {
			isa = PBXTargetDependency;
			target = 01701FC32D2E2FD4003C83F6 /* RSS */;
			targetProxy = 01701FD52D2E2FD7003C83F6 /* PBXContainerItemProxy */;
		};
		01701FE02D2E2FD7003C83F6 /* PBXTargetDependency */ = {
			isa = PBXTargetDependency;
			target = 01701FC32D2E2FD4003C83F6 /* RSS */;
			targetProxy = 01701FDF2D2E2FD7003C83F6 /* PBXContainerItemProxy */;
		};
/* End PBXTargetDependency section */

/* Begin XCBuildConfiguration section */
		01701FE62D2E2FD7003C83F6 /* Debug */ = {
			isa = XCBuildConfiguration;
			buildSettings = {
				ALWAYS_SEARCH_USER_PATHS = NO;
				ASSETCATALOG_COMPILER_GENERATE_SWIFT_ASSET_SYMBOL_EXTENSIONS = YES;
				CLANG_ANALYZER_NONNULL = YES;
				CLANG_ANALYZER_NUMBER_OBJECT_CONVERSION = YES_AGGRESSIVE;
				CLANG_CXX_LANGUAGE_STANDARD = "gnu++20";
				CLANG_ENABLE_MODULES = YES;
				CLANG_ENABLE_OBJC_ARC = YES;
				CLANG_ENABLE_OBJC_WEAK = YES;
				CLANG_WARN_BLOCK_CAPTURE_AUTORELEASING = YES;
				CLANG_WARN_BOOL_CONVERSION = YES;
				CLANG_WARN_COMMA = YES;
				CLANG_WARN_CONSTANT_CONVERSION = YES;
				CLANG_WARN_DEPRECATED_OBJC_IMPLEMENTATIONS = YES;
				CLANG_WARN_DIRECT_OBJC_ISA_USAGE = YES_ERROR;
				CLANG_WARN_DOCUMENTATION_COMMENTS = YES;
				CLANG_WARN_EMPTY_BODY = YES;
				CLANG_WARN_ENUM_CONVERSION = YES;
				CLANG_WARN_INFINITE_RECURSION = YES;
				CLANG_WARN_INT_CONVERSION = YES;
				CLANG_WARN_NON_LITERAL_NULL_CONVERSION = YES;
				CLANG_WARN_OBJC_IMPLICIT_RETAIN_SELF = YES;
				CLANG_WARN_OBJC_LITERAL_CONVERSION = YES;
				CLANG_WARN_OBJC_ROOT_CLASS = YES_ERROR;
				CLANG_WARN_QUOTED_INCLUDE_IN_FRAMEWORK_HEADER = YES;
				CLANG_WARN_RANGE_LOOP_ANALYSIS = YES;
				CLANG_WARN_STRICT_PROTOTYPES = YES;
				CLANG_WARN_SUSPICIOUS_MOVE = YES;
				CLANG_WARN_UNGUARDED_AVAILABILITY = YES_AGGRESSIVE;
				CLANG_WARN_UNREACHABLE_CODE = YES;
				CLANG_WARN__DUPLICATE_METHOD_MATCH = YES;
				COPY_PHASE_STRIP = NO;
				DEBUG_INFORMATION_FORMAT = dwarf;
				ENABLE_STRICT_OBJC_MSGSEND = YES;
				ENABLE_TESTABILITY = YES;
				ENABLE_USER_SCRIPT_SANDBOXING = YES;
				GCC_C_LANGUAGE_STANDARD = gnu17;
				GCC_DYNAMIC_NO_PIC = NO;
				GCC_NO_COMMON_BLOCKS = YES;
				GCC_OPTIMIZATION_LEVEL = 0;
				GCC_PREPROCESSOR_DEFINITIONS = (
					"DEBUG=1",
					"$(inherited)",
				);
				GCC_WARN_64_TO_32_BIT_CONVERSION = YES;
				GCC_WARN_ABOUT_RETURN_TYPE = YES_ERROR;
				GCC_WARN_UNDECLARED_SELECTOR = YES;
				GCC_WARN_UNINITIALIZED_AUTOS = YES_AGGRESSIVE;
				GCC_WARN_UNUSED_FUNCTION = YES;
				GCC_WARN_UNUSED_VARIABLE = YES;
				IPHONEOS_DEPLOYMENT_TARGET = 18.1;
				LOCALIZATION_PREFERS_STRING_CATALOGS = YES;
				MTL_ENABLE_DEBUG_INFO = INCLUDE_SOURCE;
				MTL_FAST_MATH = YES;
				ONLY_ACTIVE_ARCH = YES;
				SDKROOT = iphoneos;
				SWIFT_ACTIVE_COMPILATION_CONDITIONS = "DEBUG $(inherited)";
				SWIFT_OPTIMIZATION_LEVEL = "-Onone";
			};
			name = Debug;
		};
		01701FE72D2E2FD7003C83F6 /* Release */ = {
			isa = XCBuildConfiguration;
			buildSettings = {
				ALWAYS_SEARCH_USER_PATHS = NO;
				ASSETCATALOG_COMPILER_GENERATE_SWIFT_ASSET_SYMBOL_EXTENSIONS = YES;
				CLANG_ANALYZER_NONNULL = YES;
				CLANG_ANALYZER_NUMBER_OBJECT_CONVERSION = YES_AGGRESSIVE;
				CLANG_CXX_LANGUAGE_STANDARD = "gnu++20";
				CLANG_ENABLE_MODULES = YES;
				CLANG_ENABLE_OBJC_ARC = YES;
				CLANG_ENABLE_OBJC_WEAK = YES;
				CLANG_WARN_BLOCK_CAPTURE_AUTORELEASING = YES;
				CLANG_WARN_BOOL_CONVERSION = YES;
				CLANG_WARN_COMMA = YES;
				CLANG_WARN_CONSTANT_CONVERSION = YES;
				CLANG_WARN_DEPRECATED_OBJC_IMPLEMENTATIONS = YES;
				CLANG_WARN_DIRECT_OBJC_ISA_USAGE = YES_ERROR;
				CLANG_WARN_DOCUMENTATION_COMMENTS = YES;
				CLANG_WARN_EMPTY_BODY = YES;
				CLANG_WARN_ENUM_CONVERSION = YES;
				CLANG_WARN_INFINITE_RECURSION = YES;
				CLANG_WARN_INT_CONVERSION = YES;
				CLANG_WARN_NON_LITERAL_NULL_CONVERSION = YES;
				CLANG_WARN_OBJC_IMPLICIT_RETAIN_SELF = YES;
				CLANG_WARN_OBJC_LITERAL_CONVERSION = YES;
				CLANG_WARN_OBJC_ROOT_CLASS = YES_ERROR;
				CLANG_WARN_QUOTED_INCLUDE_IN_FRAMEWORK_HEADER = YES;
				CLANG_WARN_RANGE_LOOP_ANALYSIS = YES;
				CLANG_WARN_STRICT_PROTOTYPES = YES;
				CLANG_WARN_SUSPICIOUS_MOVE = YES;
				CLANG_WARN_UNGUARDED_AVAILABILITY = YES_AGGRESSIVE;
				CLANG_WARN_UNREACHABLE_CODE = YES;
				CLANG_WARN__DUPLICATE_METHOD_MATCH = YES;
				COPY_PHASE_STRIP = NO;
				DEBUG_INFORMATION_FORMAT = "dwarf-with-dsym";
				ENABLE_NS_ASSERTIONS = NO;
				ENABLE_STRICT_OBJC_MSGSEND = YES;
				ENABLE_USER_SCRIPT_SANDBOXING = YES;
				GCC_C_LANGUAGE_STANDARD = gnu17;
				GCC_NO_COMMON_BLOCKS = YES;
				GCC_WARN_64_TO_32_BIT_CONVERSION = YES;
				GCC_WARN_ABOUT_RETURN_TYPE = YES_ERROR;
				GCC_WARN_UNDECLARED_SELECTOR = YES;
				GCC_WARN_UNINITIALIZED_AUTOS = YES_AGGRESSIVE;
				GCC_WARN_UNUSED_FUNCTION = YES;
				GCC_WARN_UNUSED_VARIABLE = YES;
				IPHONEOS_DEPLOYMENT_TARGET = 18.1;
				LOCALIZATION_PREFERS_STRING_CATALOGS = YES;
				MTL_ENABLE_DEBUG_INFO = NO;
				MTL_FAST_MATH = YES;
				SDKROOT = iphoneos;
				SWIFT_COMPILATION_MODE = wholemodule;
				VALIDATE_PRODUCT = YES;
			};
			name = Release;
		};
		01701FE92D2E2FD7003C83F6 /* Debug */ = {
			isa = XCBuildConfiguration;
			buildSettings = {
				ASSETCATALOG_COMPILER_APPICON_NAME = AppIcon;
				ASSETCATALOG_COMPILER_GLOBAL_ACCENT_COLOR_NAME = AccentColor;
				CODE_SIGN_STYLE = Automatic;
				CURRENT_PROJECT_VERSION = 1;
				DEVELOPMENT_ASSET_PATHS = "\"RSS/Preview Content\"";
				DEVELOPMENT_TEAM = FMA5M8LYF7;
				ENABLE_PREVIEWS = YES;
				GENERATE_INFOPLIST_FILE = YES;
				INFOPLIST_FILE = RSS/Info.plist;
				INFOPLIST_KEY_UIApplicationSceneManifest_Generation = YES;
				INFOPLIST_KEY_UIApplicationSupportsIndirectInputEvents = YES;
				INFOPLIST_KEY_UILaunchScreen_Generation = YES;
				INFOPLIST_KEY_UISupportedInterfaceOrientations_iPad = "UIInterfaceOrientationPortrait UIInterfaceOrientationPortraitUpsideDown UIInterfaceOrientationLandscapeLeft UIInterfaceOrientationLandscapeRight";
				INFOPLIST_KEY_UISupportedInterfaceOrientations_iPhone = "UIInterfaceOrientationPortrait UIInterfaceOrientationLandscapeLeft UIInterfaceOrientationLandscapeRight";
				LD_RUNPATH_SEARCH_PATHS = (
					"$(inherited)",
					"@executable_path/Frameworks",
				);
				MARKETING_VERSION = 1.0;
				PRODUCT_BUNDLE_IDENTIFIER = ABC.RSS;
				PRODUCT_NAME = "$(TARGET_NAME)";
				SWIFT_EMIT_LOC_STRINGS = YES;
				SWIFT_VERSION = 5.0;
				TARGETED_DEVICE_FAMILY = "1,2";
			};
			name = Debug;
		};
		01701FEA2D2E2FD7003C83F6 /* Release */ = {
			isa = XCBuildConfiguration;
			buildSettings = {
				ASSETCATALOG_COMPILER_APPICON_NAME = AppIcon;
				ASSETCATALOG_COMPILER_GLOBAL_ACCENT_COLOR_NAME = AccentColor;
				CODE_SIGN_STYLE = Automatic;
				CURRENT_PROJECT_VERSION = 1;
				DEVELOPMENT_ASSET_PATHS = "\"RSS/Preview Content\"";
				DEVELOPMENT_TEAM = FMA5M8LYF7;
				ENABLE_PREVIEWS = YES;
				GENERATE_INFOPLIST_FILE = YES;
				INFOPLIST_FILE = RSS/Info.plist;
				INFOPLIST_KEY_UIApplicationSceneManifest_Generation = YES;
				INFOPLIST_KEY_UIApplicationSupportsIndirectInputEvents = YES;
				INFOPLIST_KEY_UILaunchScreen_Generation = YES;
				INFOPLIST_KEY_UISupportedInterfaceOrientations_iPad = "UIInterfaceOrientationPortrait UIInterfaceOrientationPortraitUpsideDown UIInterfaceOrientationLandscapeLeft UIInterfaceOrientationLandscapeRight";
				INFOPLIST_KEY_UISupportedInterfaceOrientations_iPhone = "UIInterfaceOrientationPortrait UIInterfaceOrientationLandscapeLeft UIInterfaceOrientationLandscapeRight";
				LD_RUNPATH_SEARCH_PATHS = (
					"$(inherited)",
					"@executable_path/Frameworks",
				);
				MARKETING_VERSION = 1.0;
				PRODUCT_BUNDLE_IDENTIFIER = ABC.RSS;
				PRODUCT_NAME = "$(TARGET_NAME)";
				SWIFT_EMIT_LOC_STRINGS = YES;
				SWIFT_VERSION = 5.0;
				TARGETED_DEVICE_FAMILY = "1,2";
			};
			name = Release;
		};
		01701FEC2D2E2FD7003C83F6 /* Debug */ = {
			isa = XCBuildConfiguration;
			buildSettings = {
				BUNDLE_LOADER = "$(TEST_HOST)";
				CODE_SIGN_STYLE = Automatic;
				CURRENT_PROJECT_VERSION = 1;
				DEVELOPMENT_TEAM = FMA5M8LYF7;
				GENERATE_INFOPLIST_FILE = YES;
				IPHONEOS_DEPLOYMENT_TARGET = 18.1;
				MARKETING_VERSION = 1.0;
				PRODUCT_BUNDLE_IDENTIFIER = ABC.RSSTests;
				PRODUCT_NAME = "$(TARGET_NAME)";
				SWIFT_EMIT_LOC_STRINGS = NO;
				SWIFT_VERSION = 5.0;
				TARGETED_DEVICE_FAMILY = "1,2";
				TEST_HOST = "$(BUILT_PRODUCTS_DIR)/RSS.app/$(BUNDLE_EXECUTABLE_FOLDER_PATH)/RSS";
			};
			name = Debug;
		};
		01701FED2D2E2FD7003C83F6 /* Release */ = {
			isa = XCBuildConfiguration;
			buildSettings = {
				BUNDLE_LOADER = "$(TEST_HOST)";
				CODE_SIGN_STYLE = Automatic;
				CURRENT_PROJECT_VERSION = 1;
				DEVELOPMENT_TEAM = FMA5M8LYF7;
				GENERATE_INFOPLIST_FILE = YES;
				IPHONEOS_DEPLOYMENT_TARGET = 18.1;
				MARKETING_VERSION = 1.0;
				PRODUCT_BUNDLE_IDENTIFIER = ABC.RSSTests;
				PRODUCT_NAME = "$(TARGET_NAME)";
				SWIFT_EMIT_LOC_STRINGS = NO;
				SWIFT_VERSION = 5.0;
				TARGETED_DEVICE_FAMILY = "1,2";
				TEST_HOST = "$(BUILT_PRODUCTS_DIR)/RSS.app/$(BUNDLE_EXECUTABLE_FOLDER_PATH)/RSS";
			};
			name = Release;
		};
		01701FEF2D2E2FD7003C83F6 /* Debug */ = {
			isa = XCBuildConfiguration;
			buildSettings = {
				CODE_SIGN_STYLE = Automatic;
				CURRENT_PROJECT_VERSION = 1;
				DEVELOPMENT_TEAM = FMA5M8LYF7;
				GENERATE_INFOPLIST_FILE = YES;
				MARKETING_VERSION = 1.0;
				PRODUCT_BUNDLE_IDENTIFIER = ABC.RSSUITests;
				PRODUCT_NAME = "$(TARGET_NAME)";
				SWIFT_EMIT_LOC_STRINGS = NO;
				SWIFT_VERSION = 5.0;
				TARGETED_DEVICE_FAMILY = "1,2";
				TEST_TARGET_NAME = RSS;
			};
			name = Debug;
		};
		01701FF02D2E2FD7003C83F6 /* Release */ = {
			isa = XCBuildConfiguration;
			buildSettings = {
				CODE_SIGN_STYLE = Automatic;
				CURRENT_PROJECT_VERSION = 1;
				DEVELOPMENT_TEAM = FMA5M8LYF7;
				GENERATE_INFOPLIST_FILE = YES;
				MARKETING_VERSION = 1.0;
				PRODUCT_BUNDLE_IDENTIFIER = ABC.RSSUITests;
				PRODUCT_NAME = "$(TARGET_NAME)";
				SWIFT_EMIT_LOC_STRINGS = NO;
				SWIFT_VERSION = 5.0;
				TARGETED_DEVICE_FAMILY = "1,2";
				TEST_TARGET_NAME = RSS;
			};
			name = Release;
		};
/* End XCBuildConfiguration section */

/* Begin XCConfigurationList section */
		01701FBF2D2E2FD4003C83F6 /* Build configuration list for PBXProject "RSS" */ = {
			isa = XCConfigurationList;
			buildConfigurations = (
				01701FE62D2E2FD7003C83F6 /* Debug */,
				01701FE72D2E2FD7003C83F6 /* Release */,
			);
			defaultConfigurationIsVisible = 0;
			defaultConfigurationName = Release;
		};
		01701FE82D2E2FD7003C83F6 /* Build configuration list for PBXNativeTarget "RSS" */ = {
			isa = XCConfigurationList;
			buildConfigurations = (
				01701FE92D2E2FD7003C83F6 /* Debug */,
				01701FEA2D2E2FD7003C83F6 /* Release */,
			);
			defaultConfigurationIsVisible = 0;
			defaultConfigurationName = Release;
		};
		01701FEB2D2E2FD7003C83F6 /* Build configuration list for PBXNativeTarget "RSSTests" */ = {
			isa = XCConfigurationList;
			buildConfigurations = (
				01701FEC2D2E2FD7003C83F6 /* Debug */,
				01701FED2D2E2FD7003C83F6 /* Release */,
			);
			defaultConfigurationIsVisible = 0;
			defaultConfigurationName = Release;
		};
		01701FEE2D2E2FD7003C83F6 /* Build configuration list for PBXNativeTarget "RSSUITests" */ = {
			isa = XCConfigurationList;
			buildConfigurations = (
				01701FEF2D2E2FD7003C83F6 /* Debug */,
				01701FF02D2E2FD7003C83F6 /* Release */,
			);
			defaultConfigurationIsVisible = 0;
			defaultConfigurationName = Release;
		};
/* End XCConfigurationList section */
	};
	rootObject = 01701FBC2D2E2FD4003C83F6 /* Project object */;
}
